// !$*UTF8*$!
{
	archiveVersion = 1;
	classes = {
	};
	objectVersion = 55;
	objects = {

/* Begin PBXBuildFile section */
		552A679B1A9FF556F64A1CDD /* Pods_imdb_imdbUITests.framework in Frameworks */ = {isa = PBXBuildFile; fileRef = F2291BEBD51BB2AD07612F3E /* Pods_imdb_imdbUITests.framework */; };
		72C9B0BC4737B3562EBC461D /* Pods_imdb.framework in Frameworks */ = {isa = PBXBuildFile; fileRef = 385043903F1C0AD19D973F9A /* Pods_imdb.framework */; };
		BE79B08196F65F3CC5417CF1 /* Pods_imdbTests.framework in Frameworks */ = {isa = PBXBuildFile; fileRef = 19BA7585398A76ABB7C79B93 /* Pods_imdbTests.framework */; };
		C41697D7280B590F00E0F3A1 /* AppDelegate.swift in Sources */ = {isa = PBXBuildFile; fileRef = C41697D6280B590F00E0F3A1 /* AppDelegate.swift */; };
		C41697DB280B590F00E0F3A1 /* ViewController.swift in Sources */ = {isa = PBXBuildFile; fileRef = C41697DA280B590F00E0F3A1 /* ViewController.swift */; };
		C41697DE280B590F00E0F3A1 /* Main.storyboard in Resources */ = {isa = PBXBuildFile; fileRef = C41697DC280B590F00E0F3A1 /* Main.storyboard */; };
		C41697E0280B591200E0F3A1 /* Assets.xcassets in Resources */ = {isa = PBXBuildFile; fileRef = C41697DF280B591200E0F3A1 /* Assets.xcassets */; };
		C41697E3280B591200E0F3A1 /* LaunchScreen.storyboard in Resources */ = {isa = PBXBuildFile; fileRef = C41697E1280B591200E0F3A1 /* LaunchScreen.storyboard */; };
		C41697EE280B591200E0F3A1 /* ImdbMovieListTests.swift in Sources */ = {isa = PBXBuildFile; fileRef = C41697ED280B591200E0F3A1 /* ImdbMovieListTests.swift */; };
		C41697F8280B591200E0F3A1 /* imdbUITests.swift in Sources */ = {isa = PBXBuildFile; fileRef = C41697F7280B591200E0F3A1 /* imdbUITests.swift */; };
		C41697FA280B591200E0F3A1 /* imdbUITestsLaunchTests.swift in Sources */ = {isa = PBXBuildFile; fileRef = C41697F9280B591200E0F3A1 /* imdbUITestsLaunchTests.swift */; };
		C416980C280B66DF00E0F3A1 /* APIError.swift in Sources */ = {isa = PBXBuildFile; fileRef = C4169808280B66DE00E0F3A1 /* APIError.swift */; };
		C416980D280B66DF00E0F3A1 /* NetworkConfig.swift in Sources */ = {isa = PBXBuildFile; fileRef = C4169809280B66DE00E0F3A1 /* NetworkConfig.swift */; };
		C416980E280B66DF00E0F3A1 /* APIUrls.swift in Sources */ = {isa = PBXBuildFile; fileRef = C416980A280B66DF00E0F3A1 /* APIUrls.swift */; };
		C416980F280B66DF00E0F3A1 /* APIRequest.swift in Sources */ = {isa = PBXBuildFile; fileRef = C416980B280B66DF00E0F3A1 /* APIRequest.swift */; };
		C4169819280B77E700E0F3A1 /* MoviesPresenter.swift in Sources */ = {isa = PBXBuildFile; fileRef = C4169813280B77E700E0F3A1 /* MoviesPresenter.swift */; };
		C416981A280B77E700E0F3A1 /* MoviesWorker.swift in Sources */ = {isa = PBXBuildFile; fileRef = C4169814280B77E700E0F3A1 /* MoviesWorker.swift */; };
		C416981B280B77E700E0F3A1 /* MoviesRouter.swift in Sources */ = {isa = PBXBuildFile; fileRef = C4169815280B77E700E0F3A1 /* MoviesRouter.swift */; };
		C416981C280B77E700E0F3A1 /* MoviesModels.swift in Sources */ = {isa = PBXBuildFile; fileRef = C4169816280B77E700E0F3A1 /* MoviesModels.swift */; };
		C416981D280B77E700E0F3A1 /* MoviesViewController.swift in Sources */ = {isa = PBXBuildFile; fileRef = C4169817280B77E700E0F3A1 /* MoviesViewController.swift */; };
		C416981E280B77E700E0F3A1 /* MoviesInteractor.swift in Sources */ = {isa = PBXBuildFile; fileRef = C4169818280B77E700E0F3A1 /* MoviesInteractor.swift */; };
		C4169825280C1ED700E0F3A1 /* MoviesDetailPresenter.swift in Sources */ = {isa = PBXBuildFile; fileRef = C416981F280C1ED700E0F3A1 /* MoviesDetailPresenter.swift */; };
		C4169826280C1ED700E0F3A1 /* MoviesDetailWorker.swift in Sources */ = {isa = PBXBuildFile; fileRef = C4169820280C1ED700E0F3A1 /* MoviesDetailWorker.swift */; };
		C4169827280C1ED700E0F3A1 /* MoviesDetailRouter.swift in Sources */ = {isa = PBXBuildFile; fileRef = C4169821280C1ED700E0F3A1 /* MoviesDetailRouter.swift */; };
		C4169828280C1ED700E0F3A1 /* MoviesDetailModels.swift in Sources */ = {isa = PBXBuildFile; fileRef = C4169822280C1ED700E0F3A1 /* MoviesDetailModels.swift */; };
		C4169829280C1ED700E0F3A1 /* MoviesDetailViewController.swift in Sources */ = {isa = PBXBuildFile; fileRef = C4169823280C1ED700E0F3A1 /* MoviesDetailViewController.swift */; };
		C416982A280C1ED700E0F3A1 /* MoviesDetailInteractor.swift in Sources */ = {isa = PBXBuildFile; fileRef = C4169824280C1ED700E0F3A1 /* MoviesDetailInteractor.swift */; };
		C416982E280C233300E0F3A1 /* UIViewController.swift in Sources */ = {isa = PBXBuildFile; fileRef = C416982C280C233300E0F3A1 /* UIViewController.swift */; };
		C416982F280C233300E0F3A1 /* UIImageView.swift in Sources */ = {isa = PBXBuildFile; fileRef = C416982D280C233300E0F3A1 /* UIImageView.swift */; };
		C4169833280C347800E0F3A1 /* MovieTableViewCell.xib in Resources */ = {isa = PBXBuildFile; fileRef = C4169831280C347800E0F3A1 /* MovieTableViewCell.xib */; };
		C4169834280C347800E0F3A1 /* MovieTableViewCell.swift in Sources */ = {isa = PBXBuildFile; fileRef = C4169832280C347800E0F3A1 /* MovieTableViewCell.swift */; };
		C4169838280C739A00E0F3A1 /* String.swift in Sources */ = {isa = PBXBuildFile; fileRef = C4169837280C739A00E0F3A1 /* String.swift */; };
		C416983C280C825D00E0F3A1 /* NetworkService.swift in Sources */ = {isa = PBXBuildFile; fileRef = C416983A280C825D00E0F3A1 /* NetworkService.swift */; };
		C416983D280C825D00E0F3A1 /* NetworkHeaders.swift in Sources */ = {isa = PBXBuildFile; fileRef = C416983B280C825D00E0F3A1 /* NetworkHeaders.swift */; };
		C416983F280CA1F800E0F3A1 /* Int.swift in Sources */ = {isa = PBXBuildFile; fileRef = C416983E280CA1F800E0F3A1 /* Int.swift */; };
		C4169841280CC0F200E0F3A1 /* MovieDetailConfigurator.swift in Sources */ = {isa = PBXBuildFile; fileRef = C4169840280CC0F200E0F3A1 /* MovieDetailConfigurator.swift */; };
		C4169843280CC34400E0F3A1 /* MoviesConfigurator.swift in Sources */ = {isa = PBXBuildFile; fileRef = C4169842280CC34400E0F3A1 /* MoviesConfigurator.swift */; };
		C41698452811E91900E0F3A1 /* IMDBFixture.json in Resources */ = {isa = PBXBuildFile; fileRef = C41698442811E91900E0F3A1 /* IMDBFixture.json */; };
		C41698472811E95400E0F3A1 /* MovieListMockService.swift in Sources */ = {isa = PBXBuildFile; fileRef = C41698462811E95300E0F3A1 /* MovieListMockService.swift */; };
		C41698492811E9E500E0F3A1 /* MovieListMockWorker.swift in Sources */ = {isa = PBXBuildFile; fileRef = C41698482811E9E500E0F3A1 /* MovieListMockWorker.swift */; };
		C416984B2811EE0E00E0F3A1 /* MovieListMockViewController.swift in Sources */ = {isa = PBXBuildFile; fileRef = C416984A2811EE0E00E0F3A1 /* MovieListMockViewController.swift */; };
/* End PBXBuildFile section */

/* Begin PBXContainerItemProxy section */
		C41697EA280B591200E0F3A1 /* PBXContainerItemProxy */ = {
			isa = PBXContainerItemProxy;
			containerPortal = C41697CB280B590F00E0F3A1 /* Project object */;
			proxyType = 1;
			remoteGlobalIDString = C41697D2280B590F00E0F3A1;
			remoteInfo = imdb;
		};
		C41697F4280B591200E0F3A1 /* PBXContainerItemProxy */ = {
			isa = PBXContainerItemProxy;
			containerPortal = C41697CB280B590F00E0F3A1 /* Project object */;
			proxyType = 1;
			remoteGlobalIDString = C41697D2280B590F00E0F3A1;
			remoteInfo = imdb;
		};
/* End PBXContainerItemProxy section */

/* Begin PBXFileReference section */
		19BA7585398A76ABB7C79B93 /* Pods_imdbTests.framework */ = {isa = PBXFileReference; explicitFileType = wrapper.framework; includeInIndex = 0; path = Pods_imdbTests.framework; sourceTree = BUILT_PRODUCTS_DIR; };
		20D72CC64DD11FCCEB4E08FA /* Pods-imdbTests.release.xcconfig */ = {isa = PBXFileReference; includeInIndex = 1; lastKnownFileType = text.xcconfig; name = "Pods-imdbTests.release.xcconfig"; path = "Target Support Files/Pods-imdbTests/Pods-imdbTests.release.xcconfig"; sourceTree = "<group>"; };
		2D33F373440E972BFADFAB9F /* Pods-imdb-imdbUITests.release.xcconfig */ = {isa = PBXFileReference; includeInIndex = 1; lastKnownFileType = text.xcconfig; name = "Pods-imdb-imdbUITests.release.xcconfig"; path = "Target Support Files/Pods-imdb-imdbUITests/Pods-imdb-imdbUITests.release.xcconfig"; sourceTree = "<group>"; };
		385043903F1C0AD19D973F9A /* Pods_imdb.framework */ = {isa = PBXFileReference; explicitFileType = wrapper.framework; includeInIndex = 0; path = Pods_imdb.framework; sourceTree = BUILT_PRODUCTS_DIR; };
		3C4872318B5D6B00F602692F /* Pods-imdb-imdbUITests.debug.xcconfig */ = {isa = PBXFileReference; includeInIndex = 1; lastKnownFileType = text.xcconfig; name = "Pods-imdb-imdbUITests.debug.xcconfig"; path = "Target Support Files/Pods-imdb-imdbUITests/Pods-imdb-imdbUITests.debug.xcconfig"; sourceTree = "<group>"; };
		6B963EB9CA40C19808D96FCE /* Pods-imdb.release.xcconfig */ = {isa = PBXFileReference; includeInIndex = 1; lastKnownFileType = text.xcconfig; name = "Pods-imdb.release.xcconfig"; path = "Target Support Files/Pods-imdb/Pods-imdb.release.xcconfig"; sourceTree = "<group>"; };
		8E8D2D4156F2DB2874481247 /* Pods-imdbTests.debug.xcconfig */ = {isa = PBXFileReference; includeInIndex = 1; lastKnownFileType = text.xcconfig; name = "Pods-imdbTests.debug.xcconfig"; path = "Target Support Files/Pods-imdbTests/Pods-imdbTests.debug.xcconfig"; sourceTree = "<group>"; };
		A74201417F6ACE7C4C696562 /* Pods-imdb.debug.xcconfig */ = {isa = PBXFileReference; includeInIndex = 1; lastKnownFileType = text.xcconfig; name = "Pods-imdb.debug.xcconfig"; path = "Target Support Files/Pods-imdb/Pods-imdb.debug.xcconfig"; sourceTree = "<group>"; };
		C41697D3280B590F00E0F3A1 /* imdb.app */ = {isa = PBXFileReference; explicitFileType = wrapper.application; includeInIndex = 0; path = imdb.app; sourceTree = BUILT_PRODUCTS_DIR; };
		C41697D6280B590F00E0F3A1 /* AppDelegate.swift */ = {isa = PBXFileReference; lastKnownFileType = sourcecode.swift; path = AppDelegate.swift; sourceTree = "<group>"; };
		C41697DA280B590F00E0F3A1 /* ViewController.swift */ = {isa = PBXFileReference; lastKnownFileType = sourcecode.swift; path = ViewController.swift; sourceTree = "<group>"; };
		C41697DD280B590F00E0F3A1 /* Base */ = {isa = PBXFileReference; lastKnownFileType = file.storyboard; name = Base; path = Base.lproj/Main.storyboard; sourceTree = "<group>"; };
		C41697DF280B591200E0F3A1 /* Assets.xcassets */ = {isa = PBXFileReference; lastKnownFileType = folder.assetcatalog; path = Assets.xcassets; sourceTree = "<group>"; };
		C41697E2280B591200E0F3A1 /* Base */ = {isa = PBXFileReference; lastKnownFileType = file.storyboard; name = Base; path = Base.lproj/LaunchScreen.storyboard; sourceTree = "<group>"; };
		C41697E4280B591200E0F3A1 /* Info.plist */ = {isa = PBXFileReference; lastKnownFileType = text.plist.xml; path = Info.plist; sourceTree = "<group>"; };
		C41697E9280B591200E0F3A1 /* imdbTests.xctest */ = {isa = PBXFileReference; explicitFileType = wrapper.cfbundle; includeInIndex = 0; path = imdbTests.xctest; sourceTree = BUILT_PRODUCTS_DIR; };
		C41697ED280B591200E0F3A1 /* ImdbMovieListTests.swift */ = {isa = PBXFileReference; lastKnownFileType = sourcecode.swift; path = ImdbMovieListTests.swift; sourceTree = "<group>"; };
		C41697F3280B591200E0F3A1 /* imdbUITests.xctest */ = {isa = PBXFileReference; explicitFileType = wrapper.cfbundle; includeInIndex = 0; path = imdbUITests.xctest; sourceTree = BUILT_PRODUCTS_DIR; };
		C41697F7280B591200E0F3A1 /* imdbUITests.swift */ = {isa = PBXFileReference; lastKnownFileType = sourcecode.swift; path = imdbUITests.swift; sourceTree = "<group>"; };
		C41697F9280B591200E0F3A1 /* imdbUITestsLaunchTests.swift */ = {isa = PBXFileReference; lastKnownFileType = sourcecode.swift; path = imdbUITestsLaunchTests.swift; sourceTree = "<group>"; };
		C4169808280B66DE00E0F3A1 /* APIError.swift */ = {isa = PBXFileReference; fileEncoding = 4; lastKnownFileType = sourcecode.swift; path = APIError.swift; sourceTree = "<group>"; };
		C4169809280B66DE00E0F3A1 /* NetworkConfig.swift */ = {isa = PBXFileReference; fileEncoding = 4; lastKnownFileType = sourcecode.swift; path = NetworkConfig.swift; sourceTree = "<group>"; };
		C416980A280B66DF00E0F3A1 /* APIUrls.swift */ = {isa = PBXFileReference; fileEncoding = 4; lastKnownFileType = sourcecode.swift; path = APIUrls.swift; sourceTree = "<group>"; };
		C416980B280B66DF00E0F3A1 /* APIRequest.swift */ = {isa = PBXFileReference; fileEncoding = 4; lastKnownFileType = sourcecode.swift; path = APIRequest.swift; sourceTree = "<group>"; };
		C4169813280B77E700E0F3A1 /* MoviesPresenter.swift */ = {isa = PBXFileReference; lastKnownFileType = sourcecode.swift; path = MoviesPresenter.swift; sourceTree = "<group>"; };
		C4169814280B77E700E0F3A1 /* MoviesWorker.swift */ = {isa = PBXFileReference; lastKnownFileType = sourcecode.swift; path = MoviesWorker.swift; sourceTree = "<group>"; };
		C4169815280B77E700E0F3A1 /* MoviesRouter.swift */ = {isa = PBXFileReference; lastKnownFileType = sourcecode.swift; path = MoviesRouter.swift; sourceTree = "<group>"; };
		C4169816280B77E700E0F3A1 /* MoviesModels.swift */ = {isa = PBXFileReference; lastKnownFileType = sourcecode.swift; path = MoviesModels.swift; sourceTree = "<group>"; };
		C4169817280B77E700E0F3A1 /* MoviesViewController.swift */ = {isa = PBXFileReference; lastKnownFileType = sourcecode.swift; path = MoviesViewController.swift; sourceTree = "<group>"; };
		C4169818280B77E700E0F3A1 /* MoviesInteractor.swift */ = {isa = PBXFileReference; lastKnownFileType = sourcecode.swift; path = MoviesInteractor.swift; sourceTree = "<group>"; };
		C416981F280C1ED700E0F3A1 /* MoviesDetailPresenter.swift */ = {isa = PBXFileReference; lastKnownFileType = sourcecode.swift; path = MoviesDetailPresenter.swift; sourceTree = "<group>"; };
		C4169820280C1ED700E0F3A1 /* MoviesDetailWorker.swift */ = {isa = PBXFileReference; lastKnownFileType = sourcecode.swift; path = MoviesDetailWorker.swift; sourceTree = "<group>"; };
		C4169821280C1ED700E0F3A1 /* MoviesDetailRouter.swift */ = {isa = PBXFileReference; lastKnownFileType = sourcecode.swift; path = MoviesDetailRouter.swift; sourceTree = "<group>"; };
		C4169822280C1ED700E0F3A1 /* MoviesDetailModels.swift */ = {isa = PBXFileReference; lastKnownFileType = sourcecode.swift; path = MoviesDetailModels.swift; sourceTree = "<group>"; };
		C4169823280C1ED700E0F3A1 /* MoviesDetailViewController.swift */ = {isa = PBXFileReference; lastKnownFileType = sourcecode.swift; path = MoviesDetailViewController.swift; sourceTree = "<group>"; };
		C4169824280C1ED700E0F3A1 /* MoviesDetailInteractor.swift */ = {isa = PBXFileReference; lastKnownFileType = sourcecode.swift; path = MoviesDetailInteractor.swift; sourceTree = "<group>"; };
		C416982C280C233300E0F3A1 /* UIViewController.swift */ = {isa = PBXFileReference; fileEncoding = 4; lastKnownFileType = sourcecode.swift; path = UIViewController.swift; sourceTree = "<group>"; };
		C416982D280C233300E0F3A1 /* UIImageView.swift */ = {isa = PBXFileReference; fileEncoding = 4; lastKnownFileType = sourcecode.swift; path = UIImageView.swift; sourceTree = "<group>"; };
		C4169831280C347800E0F3A1 /* MovieTableViewCell.xib */ = {isa = PBXFileReference; fileEncoding = 4; lastKnownFileType = file.xib; path = MovieTableViewCell.xib; sourceTree = "<group>"; };
		C4169832280C347800E0F3A1 /* MovieTableViewCell.swift */ = {isa = PBXFileReference; fileEncoding = 4; lastKnownFileType = sourcecode.swift; path = MovieTableViewCell.swift; sourceTree = "<group>"; };
		C4169837280C739A00E0F3A1 /* String.swift */ = {isa = PBXFileReference; lastKnownFileType = sourcecode.swift; path = String.swift; sourceTree = "<group>"; };
		C416983A280C825D00E0F3A1 /* NetworkService.swift */ = {isa = PBXFileReference; fileEncoding = 4; lastKnownFileType = sourcecode.swift; path = NetworkService.swift; sourceTree = "<group>"; };
		C416983B280C825D00E0F3A1 /* NetworkHeaders.swift */ = {isa = PBXFileReference; fileEncoding = 4; lastKnownFileType = sourcecode.swift; path = NetworkHeaders.swift; sourceTree = "<group>"; };
		C416983E280CA1F800E0F3A1 /* Int.swift */ = {isa = PBXFileReference; lastKnownFileType = sourcecode.swift; path = Int.swift; sourceTree = "<group>"; };
		C4169840280CC0F200E0F3A1 /* MovieDetailConfigurator.swift */ = {isa = PBXFileReference; lastKnownFileType = sourcecode.swift; path = MovieDetailConfigurator.swift; sourceTree = "<group>"; };
		C4169842280CC34400E0F3A1 /* MoviesConfigurator.swift */ = {isa = PBXFileReference; lastKnownFileType = sourcecode.swift; path = MoviesConfigurator.swift; sourceTree = "<group>"; };
		C41698442811E91900E0F3A1 /* IMDBFixture.json */ = {isa = PBXFileReference; fileEncoding = 4; lastKnownFileType = text.json; path = IMDBFixture.json; sourceTree = "<group>"; };
		C41698462811E95300E0F3A1 /* MovieListMockService.swift */ = {isa = PBXFileReference; fileEncoding = 4; lastKnownFileType = sourcecode.swift; path = MovieListMockService.swift; sourceTree = "<group>"; };
		C41698482811E9E500E0F3A1 /* MovieListMockWorker.swift */ = {isa = PBXFileReference; fileEncoding = 4; lastKnownFileType = sourcecode.swift; path = MovieListMockWorker.swift; sourceTree = "<group>"; };
		C416984A2811EE0E00E0F3A1 /* MovieListMockViewController.swift */ = {isa = PBXFileReference; lastKnownFileType = sourcecode.swift; path = MovieListMockViewController.swift; sourceTree = "<group>"; };
		F2291BEBD51BB2AD07612F3E /* Pods_imdb_imdbUITests.framework */ = {isa = PBXFileReference; explicitFileType = wrapper.framework; includeInIndex = 0; path = Pods_imdb_imdbUITests.framework; sourceTree = BUILT_PRODUCTS_DIR; };
/* End PBXFileReference section */

/* Begin PBXFrameworksBuildPhase section */
		C41697D0280B590F00E0F3A1 /* Frameworks */ = {
			isa = PBXFrameworksBuildPhase;
			buildActionMask = 2147483647;
			files = (
				72C9B0BC4737B3562EBC461D /* Pods_imdb.framework in Frameworks */,
			);
			runOnlyForDeploymentPostprocessing = 0;
		};
		C41697E6280B591200E0F3A1 /* Frameworks */ = {
			isa = PBXFrameworksBuildPhase;
			buildActionMask = 2147483647;
			files = (
				BE79B08196F65F3CC5417CF1 /* Pods_imdbTests.framework in Frameworks */,
			);
			runOnlyForDeploymentPostprocessing = 0;
		};
		C41697F0280B591200E0F3A1 /* Frameworks */ = {
			isa = PBXFrameworksBuildPhase;
			buildActionMask = 2147483647;
			files = (
				552A679B1A9FF556F64A1CDD /* Pods_imdb_imdbUITests.framework in Frameworks */,
			);
			runOnlyForDeploymentPostprocessing = 0;
		};
/* End PBXFrameworksBuildPhase section */

/* Begin PBXGroup section */
		05E0C5F2A1B698BCF2C8B92D /* Pods */ = {
			isa = PBXGroup;
			children = (
				A74201417F6ACE7C4C696562 /* Pods-imdb.debug.xcconfig */,
				6B963EB9CA40C19808D96FCE /* Pods-imdb.release.xcconfig */,
				3C4872318B5D6B00F602692F /* Pods-imdb-imdbUITests.debug.xcconfig */,
				2D33F373440E972BFADFAB9F /* Pods-imdb-imdbUITests.release.xcconfig */,
				8E8D2D4156F2DB2874481247 /* Pods-imdbTests.debug.xcconfig */,
				20D72CC64DD11FCCEB4E08FA /* Pods-imdbTests.release.xcconfig */,
			);
			path = Pods;
			sourceTree = "<group>";
		};
		8CC25A6CA827950D40981C54 /* Frameworks */ = {
			isa = PBXGroup;
			children = (
				385043903F1C0AD19D973F9A /* Pods_imdb.framework */,
				F2291BEBD51BB2AD07612F3E /* Pods_imdb_imdbUITests.framework */,
				19BA7585398A76ABB7C79B93 /* Pods_imdbTests.framework */,
			);
			name = Frameworks;
			sourceTree = "<group>";
		};
		C41697CA280B590F00E0F3A1 = {
			isa = PBXGroup;
			children = (
				C41697D5280B590F00E0F3A1 /* imdb */,
				C41697EC280B591200E0F3A1 /* imdbTests */,
				C41697F6280B591200E0F3A1 /* imdbUITests */,
				C41697D4280B590F00E0F3A1 /* Products */,
				05E0C5F2A1B698BCF2C8B92D /* Pods */,
				8CC25A6CA827950D40981C54 /* Frameworks */,
			);
			sourceTree = "<group>";
		};
		C41697D4280B590F00E0F3A1 /* Products */ = {
			isa = PBXGroup;
			children = (
				C41697D3280B590F00E0F3A1 /* imdb.app */,
				C41697E9280B591200E0F3A1 /* imdbTests.xctest */,
				C41697F3280B591200E0F3A1 /* imdbUITests.xctest */,
			);
			name = Products;
			sourceTree = "<group>";
		};
		C41697D5280B590F00E0F3A1 /* imdb */ = {
			isa = PBXGroup;
			children = (
				C4169806280B669600E0F3A1 /* Helper */,
				C4169812280B770800E0F3A1 /* MoviesDetail */,
				C4169811280B76F100E0F3A1 /* Movies */,
				C41697D6280B590F00E0F3A1 /* AppDelegate.swift */,
				C41697DA280B590F00E0F3A1 /* ViewController.swift */,
				C41697DC280B590F00E0F3A1 /* Main.storyboard */,
				C41697DF280B591200E0F3A1 /* Assets.xcassets */,
				C41697E1280B591200E0F3A1 /* LaunchScreen.storyboard */,
				C41697E4280B591200E0F3A1 /* Info.plist */,
			);
			path = imdb;
			sourceTree = "<group>";
		};
		C41697EC280B591200E0F3A1 /* imdbTests */ = {
			isa = PBXGroup;
			children = (
				C41697ED280B591200E0F3A1 /* ImdbMovieListTests.swift */,
				C41698482811E9E500E0F3A1 /* MovieListMockWorker.swift */,
				C416984A2811EE0E00E0F3A1 /* MovieListMockViewController.swift */,
				C41698462811E95300E0F3A1 /* MovieListMockService.swift */,
				C41698442811E91900E0F3A1 /* IMDBFixture.json */,
			);
			path = imdbTests;
			sourceTree = "<group>";
		};
		C41697F6280B591200E0F3A1 /* imdbUITests */ = {
			isa = PBXGroup;
			children = (
				C41697F7280B591200E0F3A1 /* imdbUITests.swift */,
				C41697F9280B591200E0F3A1 /* imdbUITestsLaunchTests.swift */,
			);
			path = imdbUITests;
			sourceTree = "<group>";
		};
		C4169806280B669600E0F3A1 /* Helper */ = {
			isa = PBXGroup;
			children = (
				C416982B280C233300E0F3A1 /* Extension */,
				C4169807280B66C200E0F3A1 /* Network */,
			);
			path = Helper;
			sourceTree = "<group>";
		};
		C4169807280B66C200E0F3A1 /* Network */ = {
			isa = PBXGroup;
			children = (
				C4169839280C824000E0F3A1 /* NetworkModule */,
				C4169808280B66DE00E0F3A1 /* APIError.swift */,
				C416980B280B66DF00E0F3A1 /* APIRequest.swift */,
				C416980A280B66DF00E0F3A1 /* APIUrls.swift */,
				C4169809280B66DE00E0F3A1 /* NetworkConfig.swift */,
			);
			path = Network;
			sourceTree = "<group>";
		};
		C4169811280B76F100E0F3A1 /* Movies */ = {
			isa = PBXGroup;
			children = (
				C4169830280C347800E0F3A1 /* Cells */,
				C4169813280B77E700E0F3A1 /* MoviesPresenter.swift */,
				C4169814280B77E700E0F3A1 /* MoviesWorker.swift */,
				C4169815280B77E700E0F3A1 /* MoviesRouter.swift */,
				C4169816280B77E700E0F3A1 /* MoviesModels.swift */,
				C4169817280B77E700E0F3A1 /* MoviesViewController.swift */,
				C4169818280B77E700E0F3A1 /* MoviesInteractor.swift */,
				C4169842280CC34400E0F3A1 /* MoviesConfigurator.swift */,
			);
			path = Movies;
			sourceTree = "<group>";
		};
		C4169812280B770800E0F3A1 /* MoviesDetail */ = {
			isa = PBXGroup;
			children = (
				C416981F280C1ED700E0F3A1 /* MoviesDetailPresenter.swift */,
				C4169820280C1ED700E0F3A1 /* MoviesDetailWorker.swift */,
				C4169821280C1ED700E0F3A1 /* MoviesDetailRouter.swift */,
				C4169822280C1ED700E0F3A1 /* MoviesDetailModels.swift */,
				C4169823280C1ED700E0F3A1 /* MoviesDetailViewController.swift */,
				C4169824280C1ED700E0F3A1 /* MoviesDetailInteractor.swift */,
				C4169840280CC0F200E0F3A1 /* MovieDetailConfigurator.swift */,
			);
			path = MoviesDetail;
			sourceTree = "<group>";
		};
		C416982B280C233300E0F3A1 /* Extension */ = {
			isa = PBXGroup;
			children = (
				C416982C280C233300E0F3A1 /* UIViewController.swift */,
				C416982D280C233300E0F3A1 /* UIImageView.swift */,
				C4169837280C739A00E0F3A1 /* String.swift */,
				C416983E280CA1F800E0F3A1 /* Int.swift */,
			);
			path = Extension;
			sourceTree = "<group>";
		};
		C4169830280C347800E0F3A1 /* Cells */ = {
			isa = PBXGroup;
			children = (
				C4169831280C347800E0F3A1 /* MovieTableViewCell.xib */,
				C4169832280C347800E0F3A1 /* MovieTableViewCell.swift */,
			);
			path = Cells;
			sourceTree = "<group>";
		};
		C4169839280C824000E0F3A1 /* NetworkModule */ = {
			isa = PBXGroup;
			children = (
				C416983B280C825D00E0F3A1 /* NetworkHeaders.swift */,
				C416983A280C825D00E0F3A1 /* NetworkService.swift */,
			);
			path = NetworkModule;
			sourceTree = "<group>";
		};
/* End PBXGroup section */

/* Begin PBXNativeTarget section */
		C41697D2280B590F00E0F3A1 /* imdb */ = {
			isa = PBXNativeTarget;
			buildConfigurationList = C41697FD280B591200E0F3A1 /* Build configuration list for PBXNativeTarget "imdb" */;
			buildPhases = (
				608D0FFF48E3A822798AD632 /* [CP] Check Pods Manifest.lock */,
				C41697CF280B590F00E0F3A1 /* Sources */,
				C41697D0280B590F00E0F3A1 /* Frameworks */,
				C41697D1280B590F00E0F3A1 /* Resources */,
				E3143D24F2E3B7BE2E13087D /* [CP] Embed Pods Frameworks */,
			);
			buildRules = (
			);
			dependencies = (
			);
			name = imdb;
			productName = imdb;
			productReference = C41697D3280B590F00E0F3A1 /* imdb.app */;
			productType = "com.apple.product-type.application";
		};
		C41697E8280B591200E0F3A1 /* imdbTests */ = {
			isa = PBXNativeTarget;
			buildConfigurationList = C4169800280B591200E0F3A1 /* Build configuration list for PBXNativeTarget "imdbTests" */;
			buildPhases = (
				49A5268AD10DA9228BCAB8FA /* [CP] Check Pods Manifest.lock */,
				C41697E5280B591200E0F3A1 /* Sources */,
				C41697E6280B591200E0F3A1 /* Frameworks */,
				C41697E7280B591200E0F3A1 /* Resources */,
			);
			buildRules = (
			);
			dependencies = (
				C41697EB280B591200E0F3A1 /* PBXTargetDependency */,
			);
			name = imdbTests;
			productName = imdbTests;
			productReference = C41697E9280B591200E0F3A1 /* imdbTests.xctest */;
			productType = "com.apple.product-type.bundle.unit-test";
		};
		C41697F2280B591200E0F3A1 /* imdbUITests */ = {
			isa = PBXNativeTarget;
			buildConfigurationList = C4169803280B591200E0F3A1 /* Build configuration list for PBXNativeTarget "imdbUITests" */;
			buildPhases = (
				2091D999D4C472BF39EF5B17 /* [CP] Check Pods Manifest.lock */,
				C41697EF280B591200E0F3A1 /* Sources */,
				C41697F0280B591200E0F3A1 /* Frameworks */,
				C41697F1280B591200E0F3A1 /* Resources */,
				B16D665E06BACB6EB42C2A0C /* [CP] Embed Pods Frameworks */,
			);
			buildRules = (
			);
			dependencies = (
				C41697F5280B591200E0F3A1 /* PBXTargetDependency */,
			);
			name = imdbUITests;
			productName = imdbUITests;
			productReference = C41697F3280B591200E0F3A1 /* imdbUITests.xctest */;
			productType = "com.apple.product-type.bundle.ui-testing";
		};
/* End PBXNativeTarget section */

/* Begin PBXProject section */
		C41697CB280B590F00E0F3A1 /* Project object */ = {
			isa = PBXProject;
			attributes = {
				BuildIndependentTargetsInParallel = 1;
				LastSwiftUpdateCheck = 1330;
				LastUpgradeCheck = 1330;
				TargetAttributes = {
					C41697D2280B590F00E0F3A1 = {
						CreatedOnToolsVersion = 13.3;
					};
					C41697E8280B591200E0F3A1 = {
						CreatedOnToolsVersion = 13.3;
						TestTargetID = C41697D2280B590F00E0F3A1;
					};
					C41697F2280B591200E0F3A1 = {
						CreatedOnToolsVersion = 13.3;
						TestTargetID = C41697D2280B590F00E0F3A1;
					};
				};
			};
			buildConfigurationList = C41697CE280B590F00E0F3A1 /* Build configuration list for PBXProject "imdb" */;
			compatibilityVersion = "Xcode 13.0";
			developmentRegion = en;
			hasScannedForEncodings = 0;
			knownRegions = (
				en,
				Base,
			);
			mainGroup = C41697CA280B590F00E0F3A1;
			productRefGroup = C41697D4280B590F00E0F3A1 /* Products */;
			projectDirPath = "";
			projectRoot = "";
			targets = (
				C41697D2280B590F00E0F3A1 /* imdb */,
				C41697E8280B591200E0F3A1 /* imdbTests */,
				C41697F2280B591200E0F3A1 /* imdbUITests */,
			);
		};
/* End PBXProject section */

/* Begin PBXResourcesBuildPhase section */
		C41697D1280B590F00E0F3A1 /* Resources */ = {
			isa = PBXResourcesBuildPhase;
			buildActionMask = 2147483647;
			files = (
				C41697E3280B591200E0F3A1 /* LaunchScreen.storyboard in Resources */,
				C41697E0280B591200E0F3A1 /* Assets.xcassets in Resources */,
				C4169833280C347800E0F3A1 /* MovieTableViewCell.xib in Resources */,
				C41697DE280B590F00E0F3A1 /* Main.storyboard in Resources */,
			);
			runOnlyForDeploymentPostprocessing = 0;
		};
		C41697E7280B591200E0F3A1 /* Resources */ = {
			isa = PBXResourcesBuildPhase;
			buildActionMask = 2147483647;
			files = (
				C41698452811E91900E0F3A1 /* IMDBFixture.json in Resources */,
			);
			runOnlyForDeploymentPostprocessing = 0;
		};
		C41697F1280B591200E0F3A1 /* Resources */ = {
			isa = PBXResourcesBuildPhase;
			buildActionMask = 2147483647;
			files = (
			);
			runOnlyForDeploymentPostprocessing = 0;
		};
/* End PBXResourcesBuildPhase section */

/* Begin PBXShellScriptBuildPhase section */
		2091D999D4C472BF39EF5B17 /* [CP] Check Pods Manifest.lock */ = {
			isa = PBXShellScriptBuildPhase;
			buildActionMask = 2147483647;
			files = (
			);
			inputFileListPaths = (
			);
			inputPaths = (
				"${PODS_PODFILE_DIR_PATH}/Podfile.lock",
				"${PODS_ROOT}/Manifest.lock",
			);
			name = "[CP] Check Pods Manifest.lock";
			outputFileListPaths = (
			);
			outputPaths = (
				"$(DERIVED_FILE_DIR)/Pods-imdb-imdbUITests-checkManifestLockResult.txt",
			);
			runOnlyForDeploymentPostprocessing = 0;
			shellPath = /bin/sh;
			shellScript = "diff \"${PODS_PODFILE_DIR_PATH}/Podfile.lock\" \"${PODS_ROOT}/Manifest.lock\" > /dev/null\nif [ $? != 0 ] ; then\n    # print error to STDERR\n    echo \"error: The sandbox is not in sync with the Podfile.lock. Run 'pod install' or update your CocoaPods installation.\" >&2\n    exit 1\nfi\n# This output is used by Xcode 'outputs' to avoid re-running this script phase.\necho \"SUCCESS\" > \"${SCRIPT_OUTPUT_FILE_0}\"\n";
			showEnvVarsInLog = 0;
		};
		49A5268AD10DA9228BCAB8FA /* [CP] Check Pods Manifest.lock */ = {
			isa = PBXShellScriptBuildPhase;
			buildActionMask = 2147483647;
			files = (
			);
			inputFileListPaths = (
			);
			inputPaths = (
				"${PODS_PODFILE_DIR_PATH}/Podfile.lock",
				"${PODS_ROOT}/Manifest.lock",
			);
			name = "[CP] Check Pods Manifest.lock";
			outputFileListPaths = (
			);
			outputPaths = (
				"$(DERIVED_FILE_DIR)/Pods-imdbTests-checkManifestLockResult.txt",
			);
			runOnlyForDeploymentPostprocessing = 0;
			shellPath = /bin/sh;
			shellScript = "diff \"${PODS_PODFILE_DIR_PATH}/Podfile.lock\" \"${PODS_ROOT}/Manifest.lock\" > /dev/null\nif [ $? != 0 ] ; then\n    # print error to STDERR\n    echo \"error: The sandbox is not in sync with the Podfile.lock. Run 'pod install' or update your CocoaPods installation.\" >&2\n    exit 1\nfi\n# This output is used by Xcode 'outputs' to avoid re-running this script phase.\necho \"SUCCESS\" > \"${SCRIPT_OUTPUT_FILE_0}\"\n";
			showEnvVarsInLog = 0;
		};
		608D0FFF48E3A822798AD632 /* [CP] Check Pods Manifest.lock */ = {
			isa = PBXShellScriptBuildPhase;
			buildActionMask = 2147483647;
			files = (
			);
			inputFileListPaths = (
			);
			inputPaths = (
				"${PODS_PODFILE_DIR_PATH}/Podfile.lock",
				"${PODS_ROOT}/Manifest.lock",
			);
			name = "[CP] Check Pods Manifest.lock";
			outputFileListPaths = (
			);
			outputPaths = (
				"$(DERIVED_FILE_DIR)/Pods-imdb-checkManifestLockResult.txt",
			);
			runOnlyForDeploymentPostprocessing = 0;
			shellPath = /bin/sh;
			shellScript = "diff \"${PODS_PODFILE_DIR_PATH}/Podfile.lock\" \"${PODS_ROOT}/Manifest.lock\" > /dev/null\nif [ $? != 0 ] ; then\n    # print error to STDERR\n    echo \"error: The sandbox is not in sync with the Podfile.lock. Run 'pod install' or update your CocoaPods installation.\" >&2\n    exit 1\nfi\n# This output is used by Xcode 'outputs' to avoid re-running this script phase.\necho \"SUCCESS\" > \"${SCRIPT_OUTPUT_FILE_0}\"\n";
			showEnvVarsInLog = 0;
		};
		B16D665E06BACB6EB42C2A0C /* [CP] Embed Pods Frameworks */ = {
			isa = PBXShellScriptBuildPhase;
			buildActionMask = 2147483647;
			files = (
			);
			inputFileListPaths = (
				"${PODS_ROOT}/Target Support Files/Pods-imdb-imdbUITests/Pods-imdb-imdbUITests-frameworks-${CONFIGURATION}-input-files.xcfilelist",
			);
			name = "[CP] Embed Pods Frameworks";
			outputFileListPaths = (
				"${PODS_ROOT}/Target Support Files/Pods-imdb-imdbUITests/Pods-imdb-imdbUITests-frameworks-${CONFIGURATION}-output-files.xcfilelist",
			);
			runOnlyForDeploymentPostprocessing = 0;
			shellPath = /bin/sh;
			shellScript = "\"${PODS_ROOT}/Target Support Files/Pods-imdb-imdbUITests/Pods-imdb-imdbUITests-frameworks.sh\"\n";
			showEnvVarsInLog = 0;
		};
		E3143D24F2E3B7BE2E13087D /* [CP] Embed Pods Frameworks */ = {
			isa = PBXShellScriptBuildPhase;
			buildActionMask = 2147483647;
			files = (
			);
			inputFileListPaths = (
				"${PODS_ROOT}/Target Support Files/Pods-imdb/Pods-imdb-frameworks-${CONFIGURATION}-input-files.xcfilelist",
			);
			name = "[CP] Embed Pods Frameworks";
			outputFileListPaths = (
				"${PODS_ROOT}/Target Support Files/Pods-imdb/Pods-imdb-frameworks-${CONFIGURATION}-output-files.xcfilelist",
			);
			runOnlyForDeploymentPostprocessing = 0;
			shellPath = /bin/sh;
			shellScript = "\"${PODS_ROOT}/Target Support Files/Pods-imdb/Pods-imdb-frameworks.sh\"\n";
			showEnvVarsInLog = 0;
		};
/* End PBXShellScriptBuildPhase section */

/* Begin PBXSourcesBuildPhase section */
		C41697CF280B590F00E0F3A1 /* Sources */ = {
			isa = PBXSourcesBuildPhase;
			buildActionMask = 2147483647;
			files = (
				C416981D280B77E700E0F3A1 /* MoviesViewController.swift in Sources */,
				C4169819280B77E700E0F3A1 /* MoviesPresenter.swift in Sources */,
				C416983C280C825D00E0F3A1 /* NetworkService.swift in Sources */,
				C4169834280C347800E0F3A1 /* MovieTableViewCell.swift in Sources */,
				C41697DB280B590F00E0F3A1 /* ViewController.swift in Sources */,
				C416983D280C825D00E0F3A1 /* NetworkHeaders.swift in Sources */,
				C4169841280CC0F200E0F3A1 /* MovieDetailConfigurator.swift in Sources */,
				C416982E280C233300E0F3A1 /* UIViewController.swift in Sources */,
				C416981A280B77E700E0F3A1 /* MoviesWorker.swift in Sources */,
				C416980E280B66DF00E0F3A1 /* APIUrls.swift in Sources */,
				C416981C280B77E700E0F3A1 /* MoviesModels.swift in Sources */,
				C4169827280C1ED700E0F3A1 /* MoviesDetailRouter.swift in Sources */,
				C41697D7280B590F00E0F3A1 /* AppDelegate.swift in Sources */,
				C416981E280B77E700E0F3A1 /* MoviesInteractor.swift in Sources */,
				C416980D280B66DF00E0F3A1 /* NetworkConfig.swift in Sources */,
				C4169843280CC34400E0F3A1 /* MoviesConfigurator.swift in Sources */,
				C4169838280C739A00E0F3A1 /* String.swift in Sources */,
				C4169829280C1ED700E0F3A1 /* MoviesDetailViewController.swift in Sources */,
				C4169825280C1ED700E0F3A1 /* MoviesDetailPresenter.swift in Sources */,
				C416981B280B77E700E0F3A1 /* MoviesRouter.swift in Sources */,
				C416980F280B66DF00E0F3A1 /* APIRequest.swift in Sources */,
				C4169828280C1ED700E0F3A1 /* MoviesDetailModels.swift in Sources */,
				C416982F280C233300E0F3A1 /* UIImageView.swift in Sources */,
				C416980C280B66DF00E0F3A1 /* APIError.swift in Sources */,
				C416983F280CA1F800E0F3A1 /* Int.swift in Sources */,
				C416982A280C1ED700E0F3A1 /* MoviesDetailInteractor.swift in Sources */,
				C4169826280C1ED700E0F3A1 /* MoviesDetailWorker.swift in Sources */,
			);
			runOnlyForDeploymentPostprocessing = 0;
		};
		C41697E5280B591200E0F3A1 /* Sources */ = {
			isa = PBXSourcesBuildPhase;
			buildActionMask = 2147483647;
			files = (
				C41698492811E9E500E0F3A1 /* MovieListMockWorker.swift in Sources */,
				C41697EE280B591200E0F3A1 /* ImdbMovieListTests.swift in Sources */,
				C41698472811E95400E0F3A1 /* MovieListMockService.swift in Sources */,
				C416984B2811EE0E00E0F3A1 /* MovieListMockViewController.swift in Sources */,
			);
			runOnlyForDeploymentPostprocessing = 0;
		};
		C41697EF280B591200E0F3A1 /* Sources */ = {
			isa = PBXSourcesBuildPhase;
			buildActionMask = 2147483647;
			files = (
				C41697FA280B591200E0F3A1 /* imdbUITestsLaunchTests.swift in Sources */,
				C41697F8280B591200E0F3A1 /* imdbUITests.swift in Sources */,
			);
			runOnlyForDeploymentPostprocessing = 0;
		};
/* End PBXSourcesBuildPhase section */

/* Begin PBXTargetDependency section */
		C41697EB280B591200E0F3A1 /* PBXTargetDependency */ = {
			isa = PBXTargetDependency;
			target = C41697D2280B590F00E0F3A1 /* imdb */;
			targetProxy = C41697EA280B591200E0F3A1 /* PBXContainerItemProxy */;
		};
		C41697F5280B591200E0F3A1 /* PBXTargetDependency */ = {
			isa = PBXTargetDependency;
			target = C41697D2280B590F00E0F3A1 /* imdb */;
			targetProxy = C41697F4280B591200E0F3A1 /* PBXContainerItemProxy */;
		};
/* End PBXTargetDependency section */

/* Begin PBXVariantGroup section */
		C41697DC280B590F00E0F3A1 /* Main.storyboard */ = {
			isa = PBXVariantGroup;
			children = (
				C41697DD280B590F00E0F3A1 /* Base */,
			);
			name = Main.storyboard;
			sourceTree = "<group>";
		};
		C41697E1280B591200E0F3A1 /* LaunchScreen.storyboard */ = {
			isa = PBXVariantGroup;
			children = (
				C41697E2280B591200E0F3A1 /* Base */,
			);
			name = LaunchScreen.storyboard;
			sourceTree = "<group>";
		};
/* End PBXVariantGroup section */

/* Begin XCBuildConfiguration section */
		C41697FB280B591200E0F3A1 /* Debug */ = {
			isa = XCBuildConfiguration;
			buildSettings = {
				ALWAYS_SEARCH_USER_PATHS = NO;
				CLANG_ANALYZER_NONNULL = YES;
				CLANG_ANALYZER_NUMBER_OBJECT_CONVERSION = YES_AGGRESSIVE;
				CLANG_CXX_LANGUAGE_STANDARD = "gnu++17";
				CLANG_ENABLE_MODULES = YES;
				CLANG_ENABLE_OBJC_ARC = YES;
				CLANG_ENABLE_OBJC_WEAK = YES;
				CLANG_WARN_BLOCK_CAPTURE_AUTORELEASING = YES;
				CLANG_WARN_BOOL_CONVERSION = YES;
				CLANG_WARN_COMMA = YES;
				CLANG_WARN_CONSTANT_CONVERSION = YES;
				CLANG_WARN_DEPRECATED_OBJC_IMPLEMENTATIONS = YES;
				CLANG_WARN_DIRECT_OBJC_ISA_USAGE = YES_ERROR;
				CLANG_WARN_DOCUMENTATION_COMMENTS = YES;
				CLANG_WARN_EMPTY_BODY = YES;
				CLANG_WARN_ENUM_CONVERSION = YES;
				CLANG_WARN_INFINITE_RECURSION = YES;
				CLANG_WARN_INT_CONVERSION = YES;
				CLANG_WARN_NON_LITERAL_NULL_CONVERSION = YES;
				CLANG_WARN_OBJC_IMPLICIT_RETAIN_SELF = YES;
				CLANG_WARN_OBJC_LITERAL_CONVERSION = YES;
				CLANG_WARN_OBJC_ROOT_CLASS = YES_ERROR;
				CLANG_WARN_QUOTED_INCLUDE_IN_FRAMEWORK_HEADER = YES;
				CLANG_WARN_RANGE_LOOP_ANALYSIS = YES;
				CLANG_WARN_STRICT_PROTOTYPES = YES;
				CLANG_WARN_SUSPICIOUS_MOVE = YES;
				CLANG_WARN_UNGUARDED_AVAILABILITY = YES_AGGRESSIVE;
				CLANG_WARN_UNREACHABLE_CODE = YES;
				CLANG_WARN__DUPLICATE_METHOD_MATCH = YES;
				COPY_PHASE_STRIP = NO;
				DEBUG_INFORMATION_FORMAT = dwarf;
				ENABLE_STRICT_OBJC_MSGSEND = YES;
				ENABLE_TESTABILITY = YES;
				GCC_C_LANGUAGE_STANDARD = gnu11;
				GCC_DYNAMIC_NO_PIC = NO;
				GCC_NO_COMMON_BLOCKS = YES;
				GCC_OPTIMIZATION_LEVEL = 0;
				GCC_PREPROCESSOR_DEFINITIONS = (
					"DEBUG=1",
					"$(inherited)",
				);
				GCC_WARN_64_TO_32_BIT_CONVERSION = YES;
				GCC_WARN_ABOUT_RETURN_TYPE = YES_ERROR;
				GCC_WARN_UNDECLARED_SELECTOR = YES;
				GCC_WARN_UNINITIALIZED_AUTOS = YES_AGGRESSIVE;
				GCC_WARN_UNUSED_FUNCTION = YES;
				GCC_WARN_UNUSED_VARIABLE = YES;
				IPHONEOS_DEPLOYMENT_TARGET = 15.4;
				MTL_ENABLE_DEBUG_INFO = INCLUDE_SOURCE;
				MTL_FAST_MATH = YES;
				ONLY_ACTIVE_ARCH = YES;
				SDKROOT = iphoneos;
				SWIFT_ACTIVE_COMPILATION_CONDITIONS = DEBUG;
				SWIFT_OPTIMIZATION_LEVEL = "-Onone";
			};
			name = Debug;
		};
		C41697FC280B591200E0F3A1 /* Release */ = {
			isa = XCBuildConfiguration;
			buildSettings = {
				ALWAYS_SEARCH_USER_PATHS = NO;
				CLANG_ANALYZER_NONNULL = YES;
				CLANG_ANALYZER_NUMBER_OBJECT_CONVERSION = YES_AGGRESSIVE;
				CLANG_CXX_LANGUAGE_STANDARD = "gnu++17";
				CLANG_ENABLE_MODULES = YES;
				CLANG_ENABLE_OBJC_ARC = YES;
				CLANG_ENABLE_OBJC_WEAK = YES;
				CLANG_WARN_BLOCK_CAPTURE_AUTORELEASING = YES;
				CLANG_WARN_BOOL_CONVERSION = YES;
				CLANG_WARN_COMMA = YES;
				CLANG_WARN_CONSTANT_CONVERSION = YES;
				CLANG_WARN_DEPRECATED_OBJC_IMPLEMENTATIONS = YES;
				CLANG_WARN_DIRECT_OBJC_ISA_USAGE = YES_ERROR;
				CLANG_WARN_DOCUMENTATION_COMMENTS = YES;
				CLANG_WARN_EMPTY_BODY = YES;
				CLANG_WARN_ENUM_CONVERSION = YES;
				CLANG_WARN_INFINITE_RECURSION = YES;
				CLANG_WARN_INT_CONVERSION = YES;
				CLANG_WARN_NON_LITERAL_NULL_CONVERSION = YES;
				CLANG_WARN_OBJC_IMPLICIT_RETAIN_SELF = YES;
				CLANG_WARN_OBJC_LITERAL_CONVERSION = YES;
				CLANG_WARN_OBJC_ROOT_CLASS = YES_ERROR;
				CLANG_WARN_QUOTED_INCLUDE_IN_FRAMEWORK_HEADER = YES;
				CLANG_WARN_RANGE_LOOP_ANALYSIS = YES;
				CLANG_WARN_STRICT_PROTOTYPES = YES;
				CLANG_WARN_SUSPICIOUS_MOVE = YES;
				CLANG_WARN_UNGUARDED_AVAILABILITY = YES_AGGRESSIVE;
				CLANG_WARN_UNREACHABLE_CODE = YES;
				CLANG_WARN__DUPLICATE_METHOD_MATCH = YES;
				COPY_PHASE_STRIP = NO;
				DEBUG_INFORMATION_FORMAT = "dwarf-with-dsym";
				ENABLE_NS_ASSERTIONS = NO;
				ENABLE_STRICT_OBJC_MSGSEND = YES;
				GCC_C_LANGUAGE_STANDARD = gnu11;
				GCC_NO_COMMON_BLOCKS = YES;
				GCC_WARN_64_TO_32_BIT_CONVERSION = YES;
				GCC_WARN_ABOUT_RETURN_TYPE = YES_ERROR;
				GCC_WARN_UNDECLARED_SELECTOR = YES;
				GCC_WARN_UNINITIALIZED_AUTOS = YES_AGGRESSIVE;
				GCC_WARN_UNUSED_FUNCTION = YES;
				GCC_WARN_UNUSED_VARIABLE = YES;
				IPHONEOS_DEPLOYMENT_TARGET = 15.4;
				MTL_ENABLE_DEBUG_INFO = NO;
				MTL_FAST_MATH = YES;
				SDKROOT = iphoneos;
				SWIFT_COMPILATION_MODE = wholemodule;
				SWIFT_OPTIMIZATION_LEVEL = "-O";
				VALIDATE_PRODUCT = YES;
			};
			name = Release;
		};
		C41697FE280B591200E0F3A1 /* Debug */ = {
			isa = XCBuildConfiguration;
			baseConfigurationReference = A74201417F6ACE7C4C696562 /* Pods-imdb.debug.xcconfig */;
			buildSettings = {
				ASSETCATALOG_COMPILER_APPICON_NAME = AppIcon;
				ASSETCATALOG_COMPILER_GLOBAL_ACCENT_COLOR_NAME = AccentColor;
				CODE_SIGN_STYLE = Automatic;
				CURRENT_PROJECT_VERSION = 1;
				DEVELOPMENT_TEAM = N8VWJBFBX3;
				GENERATE_INFOPLIST_FILE = YES;
				INFOPLIST_FILE = imdb/Info.plist;
				INFOPLIST_KEY_CFBundleDisplayName = IMDB;
				INFOPLIST_KEY_UIApplicationSupportsIndirectInputEvents = YES;
				INFOPLIST_KEY_UILaunchStoryboardName = LaunchScreen;
				INFOPLIST_KEY_UIMainStoryboardFile = Main;
				INFOPLIST_KEY_UISupportedInterfaceOrientations = UIInterfaceOrientationPortrait;
				INFOPLIST_KEY_UISupportedInterfaceOrientations_iPad = "UIInterfaceOrientationPortrait UIInterfaceOrientationPortraitUpsideDown UIInterfaceOrientationLandscapeLeft UIInterfaceOrientationLandscapeRight";
				INFOPLIST_KEY_UISupportedInterfaceOrientations_iPhone = "UIInterfaceOrientationPortrait UIInterfaceOrientationLandscapeLeft UIInterfaceOrientationLandscapeRight";
				INFOPLIST_KEY_UIUserInterfaceStyle = Light;
				LD_RUNPATH_SEARCH_PATHS = (
					"$(inherited)",
					"@executable_path/Frameworks",
				);
				MARKETING_VERSION = 1.0;
				PRODUCT_BUNDLE_IDENTIFIER = com.imdb;
				PRODUCT_NAME = "$(TARGET_NAME)";
				SWIFT_EMIT_LOC_STRINGS = YES;
				SWIFT_VERSION = 5.0;
				TARGETED_DEVICE_FAMILY = 1;
			};
			name = Debug;
		};
		C41697FF280B591200E0F3A1 /* Release */ = {
			isa = XCBuildConfiguration;
			baseConfigurationReference = 6B963EB9CA40C19808D96FCE /* Pods-imdb.release.xcconfig */;
			buildSettings = {
				ASSETCATALOG_COMPILER_APPICON_NAME = AppIcon;
				ASSETCATALOG_COMPILER_GLOBAL_ACCENT_COLOR_NAME = AccentColor;
				CODE_SIGN_STYLE = Automatic;
				CURRENT_PROJECT_VERSION = 1;
				DEVELOPMENT_TEAM = N8VWJBFBX3;
				GENERATE_INFOPLIST_FILE = YES;
				INFOPLIST_FILE = imdb/Info.plist;
				INFOPLIST_KEY_CFBundleDisplayName = IMDB;
				INFOPLIST_KEY_UIApplicationSupportsIndirectInputEvents = YES;
				INFOPLIST_KEY_UILaunchStoryboardName = LaunchScreen;
				INFOPLIST_KEY_UIMainStoryboardFile = Main;
				INFOPLIST_KEY_UISupportedInterfaceOrientations = UIInterfaceOrientationPortrait;
				INFOPLIST_KEY_UISupportedInterfaceOrientations_iPad = "UIInterfaceOrientationPortrait UIInterfaceOrientationPortraitUpsideDown UIInterfaceOrientationLandscapeLeft UIInterfaceOrientationLandscapeRight";
				INFOPLIST_KEY_UISupportedInterfaceOrientations_iPhone = "UIInterfaceOrientationPortrait UIInterfaceOrientationLandscapeLeft UIInterfaceOrientationLandscapeRight";
				INFOPLIST_KEY_UIUserInterfaceStyle = Light;
				LD_RUNPATH_SEARCH_PATHS = (
					"$(inherited)",
					"@executable_path/Frameworks",
				);
				MARKETING_VERSION = 1.0;
				PRODUCT_BUNDLE_IDENTIFIER = com.imdb;
				PRODUCT_NAME = "$(TARGET_NAME)";
				SWIFT_EMIT_LOC_STRINGS = YES;
				SWIFT_VERSION = 5.0;
				TARGETED_DEVICE_FAMILY = 1;
			};
			name = Release;
		};
		C4169801280B591200E0F3A1 /* Debug */ = {
			isa = XCBuildConfiguration;
			baseConfigurationReference = 8E8D2D4156F2DB2874481247 /* Pods-imdbTests.debug.xcconfig */;
			buildSettings = {
				ALWAYS_EMBED_SWIFT_STANDARD_LIBRARIES = YES;
				BUNDLE_LOADER = "$(TEST_HOST)";
				CODE_SIGN_STYLE = Automatic;
				CURRENT_PROJECT_VERSION = 1;
				DEVELOPMENT_TEAM = N8VWJBFBX3;
				GENERATE_INFOPLIST_FILE = YES;
				IPHONEOS_DEPLOYMENT_TARGET = 15.4;
				MARKETING_VERSION = 1.0;
				PRODUCT_BUNDLE_IDENTIFIER = com.imdbTests;
				PRODUCT_NAME = "$(TARGET_NAME)";
				SWIFT_EMIT_LOC_STRINGS = NO;
				SWIFT_VERSION = 5.0;
				TARGETED_DEVICE_FAMILY = "1,2";
				TEST_HOST = "$(BUILT_PRODUCTS_DIR)/imdb.app/imdb";
			};
			name = Debug;
		};
		C4169802280B591200E0F3A1 /* Release */ = {
			isa = XCBuildConfiguration;
			baseConfigurationReference = 20D72CC64DD11FCCEB4E08FA /* Pods-imdbTests.release.xcconfig */;
			buildSettings = {
				ALWAYS_EMBED_SWIFT_STANDARD_LIBRARIES = YES;
				BUNDLE_LOADER = "$(TEST_HOST)";
				CODE_SIGN_STYLE = Automatic;
				CURRENT_PROJECT_VERSION = 1;
				DEVELOPMENT_TEAM = N8VWJBFBX3;
				GENERATE_INFOPLIST_FILE = YES;
				IPHONEOS_DEPLOYMENT_TARGET = 15.4;
				MARKETING_VERSION = 1.0;
				PRODUCT_BUNDLE_IDENTIFIER = com.imdbTests;
				PRODUCT_NAME = "$(TARGET_NAME)";
				SWIFT_EMIT_LOC_STRINGS = NO;
				SWIFT_VERSION = 5.0;
				TARGETED_DEVICE_FAMILY = "1,2";
				TEST_HOST = "$(BUILT_PRODUCTS_DIR)/imdb.app/imdb";
			};
			name = Release;
		};
		C4169804280B591200E0F3A1 /* Debug */ = {
			isa = XCBuildConfiguration;
			baseConfigurationReference = 3C4872318B5D6B00F602692F /* Pods-imdb-imdbUITests.debug.xcconfig */;
			buildSettings = {
				ALWAYS_EMBED_SWIFT_STANDARD_LIBRARIES = YES;
				CODE_SIGN_STYLE = Automatic;
				CURRENT_PROJECT_VERSION = 1;
				DEVELOPMENT_TEAM = N8VWJBFBX3;
				GENERATE_INFOPLIST_FILE = YES;
				MARKETING_VERSION = 1.0;
				PRODUCT_BUNDLE_IDENTIFIER = com.imdbUITests;
				PRODUCT_NAME = "$(TARGET_NAME)";
				SWIFT_EMIT_LOC_STRINGS = NO;
				SWIFT_VERSION = 5.0;
				TARGETED_DEVICE_FAMILY = "1,2";
				TEST_TARGET_NAME = imdb;
			};
			name = Debug;
		};
		C4169805280B591200E0F3A1 /* Release */ = {
			isa = XCBuildConfiguration;
			baseConfigurationReference = 2D33F373440E972BFADFAB9F /* Pods-imdb-imdbUITests.release.xcconfig */;
			buildSettings = {
				ALWAYS_EMBED_SWIFT_STANDARD_LIBRARIES = YES;
				CODE_SIGN_STYLE = Automatic;
				CURRENT_PROJECT_VERSION = 1;
				DEVELOPMENT_TEAM = N8VWJBFBX3;
				GENERATE_INFOPLIST_FILE = YES;
				MARKETING_VERSION = 1.0;
				PRODUCT_BUNDLE_IDENTIFIER = com.imdbUITests;
				PRODUCT_NAME = "$(TARGET_NAME)";
				SWIFT_EMIT_LOC_STRINGS = NO;
				SWIFT_VERSION = 5.0;
				TARGETED_DEVICE_FAMILY = "1,2";
				TEST_TARGET_NAME = imdb;
			};
			name = Release;
		};
/* End XCBuildConfiguration section */

/* Begin XCConfigurationList section */
		C41697CE280B590F00E0F3A1 /* Build configuration list for PBXProject "imdb" */ = {
			isa = XCConfigurationList;
			buildConfigurations = (
				C41697FB280B591200E0F3A1 /* Debug */,
				C41697FC280B591200E0F3A1 /* Release */,
			);
			defaultConfigurationIsVisible = 0;
			defaultConfigurationName = Release;
		};
		C41697FD280B591200E0F3A1 /* Build configuration list for PBXNativeTarget "imdb" */ = {
			isa = XCConfigurationList;
			buildConfigurations = (
				C41697FE280B591200E0F3A1 /* Debug */,
				C41697FF280B591200E0F3A1 /* Release */,
			);
			defaultConfigurationIsVisible = 0;
			defaultConfigurationName = Release;
		};
		C4169800280B591200E0F3A1 /* Build configuration list for PBXNativeTarget "imdbTests" */ = {
			isa = XCConfigurationList;
			buildConfigurations = (
				C4169801280B591200E0F3A1 /* Debug */,
				C4169802280B591200E0F3A1 /* Release */,
			);
			defaultConfigurationIsVisible = 0;
			defaultConfigurationName = Release;
		};
		C4169803280B591200E0F3A1 /* Build configuration list for PBXNativeTarget "imdbUITests" */ = {
			isa = XCConfigurationList;
			buildConfigurations = (
				C4169804280B591200E0F3A1 /* Debug */,
				C4169805280B591200E0F3A1 /* Release */,
			);
			defaultConfigurationIsVisible = 0;
			defaultConfigurationName = Release;
		};
/* End XCConfigurationList section */
	};
	rootObject = C41697CB280B590F00E0F3A1 /* Project object */;
}
